{
  "name": "@types/vercel-analytics",
  "version": "1.0.0",
  "lockfileVersion": 3,
  "requires": true,
  "packages": {
    "": {
      "name": "@types/vercel-analytics",
      "version": "1.0.0",
      "dependencies": {
        "@types/vercel-analytics": "file:"
      }
    },
    "node_modules/@types/vercel-analytics": {
      "resolved": "",
      "link": true
    }
  }
}
